// !$*UTF8*$!
{
	archiveVersion = 1;
	classes = {
	};
	objectVersion = 46;
	objects = {

/* Begin PBXBuildFile section */
		84A7BBBB1EB791C500E7AED0 /* main.m in Sources */ = {isa = PBXBuildFile; fileRef = 84A7BBBA1EB791C500E7AED0 /* main.m */; };
		84A7BBC31EB7958000E7AED0 /* Film.m in Sources */ = {isa = PBXBuildFile; fileRef = 84A7BBC21EB7958000E7AED0 /* Film.m */; };
/* End PBXBuildFile section */

/* Begin PBXCopyFilesBuildPhase section */
		84A7BBB51EB791C500E7AED0 /* CopyFiles */ = {
			isa = PBXCopyFilesBuildPhase;
			buildActionMask = 2147483647;
			dstPath = /usr/share/man/man1/;
			dstSubfolderSpec = 0;
			files = (
			);
			runOnlyForDeploymentPostprocessing = 1;
		};
/* End PBXCopyFilesBuildPhase section */

/* Begin PBXFileReference section */
		84A7BBB71EB791C500E7AED0 /* lb_25_NSDictionary */ = {isa = PBXFileReference; explicitFileType = "compiled.mach-o.executable"; includeInIndex = 0; path = lb_25_NSDictionary; sourceTree = BUILT_PRODUCTS_DIR; };
		84A7BBBA1EB791C500E7AED0 /* main.m */ = {isa = PBXFileReference; lastKnownFileType = sourcecode.c.objc; path = main.m; sourceTree = "<group>"; };
		84A7BBC11EB7958000E7AED0 /* Film.h */ = {isa = PBXFileReference; fileEncoding = 4; lastKnownFileType = sourcecode.c.h; path = Film.h; sourceTree = "<group>"; };
		84A7BBC21EB7958000E7AED0 /* Film.m */ = {isa = PBXFileReference; fileEncoding = 4; lastKnownFileType = sourcecode.c.objc; path = Film.m; sourceTree = "<group>"; };
		84A7BBC41EB79C8400E7AED0 /* git.me */ = {isa = PBXFileReference; fileEncoding = 4; lastKnownFileType = text; path = git.me; sourceTree = "<group>"; };
/* End PBXFileReference section */

/* Begin PBXFrameworksBuildPhase section */
		84A7BBB41EB791C500E7AED0 /* Frameworks */ = {
			isa = PBXFrameworksBuildPhase;
			buildActionMask = 2147483647;
			files = (
			);
			runOnlyForDeploymentPostprocessing = 0;
		};
/* End PBXFrameworksBuildPhase section */

/* Begin PBXGroup section */
		84A7BBAE1EB791C500E7AED0 = {
			isa = PBXGroup;
			children = (
				84A7BBB91EB791C500E7AED0 /* lb_25_NSDictionary */,
				84A7BBB81EB791C500E7AED0 /* Products */,
			);
			sourceTree = "<group>";
		};
		84A7BBB81EB791C500E7AED0 /* Products */ = {
			isa = PBXGroup;
			children = (
				84A7BBB71EB791C500E7AED0 /* lb_25_NSDictionary */,
			);
			name = Products;
			sourceTree = "<group>";
		};
		84A7BBB91EB791C500E7AED0 /* lb_25_NSDictionary */ = {
			isa = PBXGroup;
			children = (
				84A7BBBA1EB791C500E7AED0 /* main.m */,
				84A7BBC11EB7958000E7AED0 /* Film.h */,
				84A7BBC21EB7958000E7AED0 /* Film.m */,
				84A7BBC41EB79C8400E7AED0 /* git.me */,
			);
			path = lb_25_NSDictionary;
			sourceTree = "<group>";
		};
/* End PBXGroup section */

/* Begin PBXNativeTarget section */
		84A7BBB61EB791C500E7AED0 /* lb_25_NSDictionary */ = {
			isa = PBXNativeTarget;
			buildConfigurationList = 84A7BBBE1EB791C500E7AED0 /* Build configuration list for PBXNativeTarget "lb_25_NSDictionary" */;
			buildPhases = (
				84A7BBB31EB791C500E7AED0 /* Sources */,
				84A7BBB41EB791C500E7AED0 /* Frameworks */,
				84A7BBB51EB791C500E7AED0 /* CopyFiles */,
			);
			buildRules = (
			);
			dependencies = (
			);
			name = lb_25_NSDictionary;
			productName = lb_25_NSDictionary;
			productReference = 84A7BBB71EB791C500E7AED0 /* lb_25_NSDictionary */;
			productType = "com.apple.product-type.tool";
		};
/* End PBXNativeTarget section */

/* Begin PBXProject section */
		84A7BBAF1EB791C500E7AED0 /* Project object */ = {
			isa = PBXProject;
			attributes = {
				LastUpgradeCheck = 0830;
				ORGANIZATIONNAME = admin;
				TargetAttributes = {
					84A7BBB61EB791C500E7AED0 = {
						CreatedOnToolsVersion = 8.3.2;
						ProvisioningStyle = Automatic;
					};
				};
			};
			buildConfigurationList = 84A7BBB21EB791C500E7AED0 /* Build configuration list for PBXProject "lb_25_NSDictionary" */;
			compatibilityVersion = "Xcode 3.2";
			developmentRegion = English;
			hasScannedForEncodings = 0;
			knownRegions = (
				en,
			);
			mainGroup = 84A7BBAE1EB791C500E7AED0;
			productRefGroup = 84A7BBB81EB791C500E7AED0 /* Products */;
			projectDirPath = "";
			projectRoot = "";
			targets = (
				84A7BBB61EB791C500E7AED0 /* lb_25_NSDictionary */,
			);
		};
/* End PBXProject section */

/* Begin PBXSourcesBuildPhase section */
		84A7BBB31EB791C500E7AED0 /* Sources */ = {
			isa = PBXSourcesBuildPhase;
			buildActionMask = 2147483647;
			files = (
				84A7BBBB1EB791C500E7AED0 /* main.m in Sources */,
				84A7BBC31EB7958000E7AED0 /* Film.m in Sources */,
			);
			runOnlyForDeploymentPostprocessing = 0;
		};
/* End PBXSourcesBuildPhase section */

/* Begin XCBuildConfiguration section */
		84A7BBBC1EB791C500E7AED0 /* Debug */ = {
			isa = XCBuildConfiguration;
			buildSettings = {
				ALWAYS_SEARCH_USER_PATHS = NO;
				CLANG_ANALYZER_NONNULL = YES;
				CLANG_ANALYZER_NUMBER_OBJECT_CONVERSION = YES_AGGRESSIVE;
				CLANG_CXX_LANGUAGE_STANDARD = "gnu++0x";
				CLANG_CXX_LIBRARY = "libc++";
				CLANG_ENABLE_MODULES = YES;
				CLANG_ENABLE_OBJC_ARC = YES;
				CLANG_WARN_BOOL_CONVERSION = YES;
				CLANG_WARN_CONSTANT_CONVERSION = YES;
				CLANG_WARN_DIRECT_OBJC_ISA_USAGE = YES_ERROR;
				CLANG_WARN_DOCUMENTATION_COMMENTS = YES;
				CLANG_WARN_EMPTY_BODY = YES;
				CLANG_WARN_ENUM_CONVERSION = YES;
				CLANG_WARN_INFINITE_RECURSION = YES;
				CLANG_WARN_INT_CONVERSION = YES;
				CLANG_WARN_OBJC_ROOT_CLASS = YES_ERROR;
				CLANG_WARN_SUSPICIOUS_MOVE = YES;
				CLANG_WARN_UNREACHABLE_CODE = YES;
				CLANG_WARN__DUPLICATE_METHOD_MATCH = YES;
				CODE_SIGN_IDENTITY = "-";
				COPY_PHASE_STRIP = NO;
				DEBUG_INFORMATION_FORMAT = dwarf;
				ENABLE_STRICT_OBJC_MSGSEND = YES;
				ENABLE_TESTABILITY = YES;
				GCC_C_LANGUAGE_STANDARD = gnu99;
				GCC_DYNAMIC_NO_PIC = NO;
				GCC_NO_COMMON_BLOCKS = YES;
				GCC_OPTIMIZATION_LEVEL = 0;
				GCC_PREPROCESSOR_DEFINITIONS = (
					"DEBUG=1",
					"$(inherited)",
				);
				GCC_WARN_64_TO_32_BIT_CONVERSION = YES;
				GCC_WARN_ABOUT_RETURN_TYPE = YES_ERROR;
				GCC_WARN_UNDECLARED_SELECTOR = YES;
				GCC_WARN_UNINITIALIZED_AUTOS = YES_AGGRESSIVE;
				GCC_WARN_UNUSED_FUNCTION = YES;
				GCC_WARN_UNUSED_VARIABLE = YES;
				MACOSX_DEPLOYMENT_TARGET = 10.12;
				MTL_ENABLE_DEBUG_INFO = YES;
				ONLY_ACTIVE_ARCH = YES;
				SDKROOT = macosx;
			};
			name = Debug;
		};
		84A7BBBD1EB791C500E7AED0 /* Release */ = {
			isa = XCBuildConfiguration;
			buildSettings = {
				ALWAYS_SEARCH_USER_PATHS = NO;
				CLANG_ANALYZER_NONNULL = YES;
				CLANG_ANALYZER_NUMBER_OBJECT_CONVERSION = YES_AGGRESSIVE;
				CLANG_CXX_LANGUAGE_STANDARD = "gnu++0x";
				CLANG_CXX_LIBRARY = "libc++";
				CLANG_ENABLE_MODULES = YES;
				CLANG_ENABLE_OBJC_ARC = YES;
				CLANG_WARN_BOOL_CONVERSION = YES;
				CLANG_WARN_CONSTANT_CONVERSION = YES;
				CLANG_WARN_DIRECT_OBJC_ISA_USAGE = YES_ERROR;
				CLANG_WARN_DOCUMENTATION_COMMENTS = YES;
				CLANG_WARN_EMPTY_BODY = YES;
				CLANG_WARN_ENUM_CONVERSION = YES;
				CLANG_WARN_INFINITE_RECURSION = YES;
				CLANG_WARN_INT_CONVERSION = YES;
				CLANG_WARN_OBJC_ROOT_CLASS = YES_ERROR;
				CLANG_WARN_SUSPICIOUS_MOVE = YES;
				CLANG_WARN_UNREACHABLE_CODE = YES;
				CLANG_WARN__DUPLICATE_METHOD_MATCH = YES;
				CODE_SIGN_IDENTITY = "-";
				COPY_PHASE_STRIP = NO;
				DEBUG_INFORMATION_FORMAT = "dwarf-with-dsym";
				ENABLE_NS_ASSERTIONS = NO;
				ENABLE_STRICT_OBJC_MSGSEND = YES;
				GCC_C_LANGUAGE_STANDARD = gnu99;
				GCC_NO_COMMON_BLOCKS = YES;
				GCC_WARN_64_TO_32_BIT_CONVERSION = YES;
				GCC_WARN_ABOUT_RETURN_TYPE = YES_ERROR;
				GCC_WARN_UNDECLARED_SELECTOR = YES;
				GCC_WARN_UNINITIALIZED_AUTOS = YES_AGGRESSIVE;
				GCC_WARN_UNUSED_FUNCTION = YES;
				GCC_WARN_UNUSED_VARIABLE = YES;
				MACOSX_DEPLOYMENT_TARGET = 10.12;
				MTL_ENABLE_DEBUG_INFO = NO;
				SDKROOT = macosx;
			};
			name = Release;
		};
		84A7BBBF1EB791C500E7AED0 /* Debug */ = {
			isa = XCBuildConfiguration;
			buildSettings = {
				PRODUCT_NAME = "$(TARGET_NAME)";
			};
			name = Debug;
		};
		84A7BBC01EB791C500E7AED0 /* Release */ = {
			isa = XCBuildConfiguration;
			buildSettings = {
				PRODUCT_NAME = "$(TARGET_NAME)";
			};
			name = Release;
		};
/* End XCBuildConfiguration section */

/* Begin XCConfigurationList section */
		84A7BBB21EB791C500E7AED0 /* Build configuration list for PBXProject "lb_25_NSDictionary" */ = {
			isa = XCConfigurationList;
			buildConfigurations = (
				84A7BBBC1EB791C500E7AED0 /* Debug */,
				84A7BBBD1EB791C500E7AED0 /* Release */,
			);
			defaultConfigurationIsVisible = 0;
			defaultConfigurationName = Release;
		};
		84A7BBBE1EB791C500E7AED0 /* Build configuration list for PBXNativeTarget "lb_25_NSDictionary" */ = {
			isa = XCConfigurationList;
			buildConfigurations = (
				84A7BBBF1EB791C500E7AED0 /* Debug */,
				84A7BBC01EB791C500E7AED0 /* Release */,
			);
			defaultConfigurationIsVisible = 0;
		};
/* End XCConfigurationList section */
	};
	rootObject = 84A7BBAF1EB791C500E7AED0 /* Project object */;
}
